// !$*UTF8*$!
{
	archiveVersion = 1;
	classes = {
	};
	objectVersion = 53;
	objects = {

/* Begin PBXBuildFile section */
		04C973792D7760380077E5EF /* Preview Assets.xcassets in Resources */ = {isa = PBXBuildFile; fileRef = 04C973652D7760380077E5EF /* Preview Assets.xcassets */; };
		04C9737A2D7760380077E5EF /* Assets.xcassets in Resources */ = {isa = PBXBuildFile; fileRef = 04C973762D7760380077E5EF /* Assets.xcassets */; };
		04C9737B2D7760380077E5EF /* iTunesResponse.swift in Sources */ = {isa = PBXBuildFile; fileRef = 04C973622D7760380077E5EF /* iTunesResponse.swift */; };
		04C9737C2D7760380077E5EF /* Track.swift in Sources */ = {isa = PBXBuildFile; fileRef = 04C973632D7760380077E5EF /* Track.swift */; };
		04C9737D2D7760380077E5EF /* AudioPlayerService.swift in Sources */ = {isa = PBXBuildFile; fileRef = 04C973672D7760380077E5EF /* AudioPlayerService.swift */; };
		04C9737E2D7760380077E5EF /* HttpService.swift in Sources */ = {isa = PBXBuildFile; fileRef = 04C973682D7760380077E5EF /* HttpService.swift */; };
		04C9737F2D7760380077E5EF /* PlaybackService.swift in Sources */ = {isa = PBXBuildFile; fileRef = 04C973692D7760380077E5EF /* PlaybackService.swift */; };
		04C973802D7760380077E5EF /* TruncateText.swift in Sources */ = {isa = PBXBuildFile; fileRef = 04C9736B2D7760380077E5EF /* TruncateText.swift */; };
		04C973812D7760380077E5EF /* PlaybackControl.swift in Sources */ = {isa = PBXBuildFile; fileRef = 04C9736D2D7760380077E5EF /* PlaybackControl.swift */; };
		04C973822D7760380077E5EF /* Thumbnail.swift in Sources */ = {isa = PBXBuildFile; fileRef = 04C9736E2D7760380077E5EF /* Thumbnail.swift */; };
		04C973832D7760380077E5EF /* TrackItem.swift in Sources */ = {isa = PBXBuildFile; fileRef = 04C9736F2D7760380077E5EF /* TrackItem.swift */; };
		04C973842D7760380077E5EF /* TrackSkeleton.swift in Sources */ = {isa = PBXBuildFile; fileRef = 04C973702D7760380077E5EF /* TrackSkeleton.swift */; };
		04C973852D7760380077E5EF /* TrackView.swift in Sources */ = {isa = PBXBuildFile; fileRef = 04C973722D7760380077E5EF /* TrackView.swift */; };
		04C973862D7760380077E5EF /* TrackViewModel.swift in Sources */ = {isa = PBXBuildFile; fileRef = 04C973742D7760380077E5EF /* TrackViewModel.swift */; };
		04C973872D7760380077E5EF /* ritmixApp.swift in Sources */ = {isa = PBXBuildFile; fileRef = 04C973772D7760380077E5EF /* ritmixApp.swift */; };
		04C9738E2D77604F0077E5EF /* AudioPlayerServiceTests.swift in Sources */ = {isa = PBXBuildFile; fileRef = 04C973882D77604F0077E5EF /* AudioPlayerServiceTests.swift */; };
		04C9738F2D77604F0077E5EF /* HttpServiceTests.swift in Sources */ = {isa = PBXBuildFile; fileRef = 04C973892D77604F0077E5EF /* HttpServiceTests.swift */; };
		04C973902D77604F0077E5EF /* PlaybackServiceTests.swift in Sources */ = {isa = PBXBuildFile; fileRef = 04C9738A2D77604F0077E5EF /* PlaybackServiceTests.swift */; };
		04C973922D77604F0077E5EF /* TrackViewModelTests.swift in Sources */ = {isa = PBXBuildFile; fileRef = 04C9738C2D77604F0077E5EF /* TrackViewModelTests.swift */; };
		04C973962D7760520077E5EF /* ritmixUITests.swift in Sources */ = {isa = PBXBuildFile; fileRef = 04C973932D7760520077E5EF /* ritmixUITests.swift */; };
		04C973972D7760520077E5EF /* ritmixUITestsLaunchTests.swift in Sources */ = {isa = PBXBuildFile; fileRef = 04C973942D7760520077E5EF /* ritmixUITestsLaunchTests.swift */; };
/* End PBXBuildFile section */

/* Begin PBXContainerItemProxy section */
		04EB28D42D759225005A1907 /* PBXContainerItemProxy */ = {
			isa = PBXContainerItemProxy;
			containerPortal = 04EB28BB2D759224005A1907 /* Project object */;
			proxyType = 1;
			remoteGlobalIDString = 04EB28C22D759224005A1907;
			remoteInfo = ritmix;
		};
		04EB28DE2D759225005A1907 /* PBXContainerItemProxy */ = {
			isa = PBXContainerItemProxy;
			containerPortal = 04EB28BB2D759224005A1907 /* Project object */;
			proxyType = 1;
			remoteGlobalIDString = 04EB28C22D759224005A1907;
			remoteInfo = ritmix;
		};
/* End PBXContainerItemProxy section */

/* Begin PBXFileReference section */
		04C972302D772EBE0077E5EF /* ritmixTests.xctestplan */ = {isa = PBXFileReference; lastKnownFileType = text; path = ritmixTests.xctestplan; sourceTree = "<group>"; };
		04C973622D7760380077E5EF /* iTunesResponse.swift */ = {isa = PBXFileReference; lastKnownFileType = sourcecode.swift; path = iTunesResponse.swift; sourceTree = "<group>"; };
		04C973632D7760380077E5EF /* Track.swift */ = {isa = PBXFileReference; lastKnownFileType = sourcecode.swift; path = Track.swift; sourceTree = "<group>"; };
		04C973652D7760380077E5EF /* Preview Assets.xcassets */ = {isa = PBXFileReference; lastKnownFileType = folder.assetcatalog; path = "Preview Assets.xcassets"; sourceTree = "<group>"; };
		04C973672D7760380077E5EF /* AudioPlayerService.swift */ = {isa = PBXFileReference; lastKnownFileType = sourcecode.swift; path = AudioPlayerService.swift; sourceTree = "<group>"; };
		04C973682D7760380077E5EF /* HttpService.swift */ = {isa = PBXFileReference; lastKnownFileType = sourcecode.swift; path = HttpService.swift; sourceTree = "<group>"; };
		04C973692D7760380077E5EF /* PlaybackService.swift */ = {isa = PBXFileReference; lastKnownFileType = sourcecode.swift; path = PlaybackService.swift; sourceTree = "<group>"; };
		04C9736B2D7760380077E5EF /* TruncateText.swift */ = {isa = PBXFileReference; lastKnownFileType = sourcecode.swift; path = TruncateText.swift; sourceTree = "<group>"; };
		04C9736D2D7760380077E5EF /* PlaybackControl.swift */ = {isa = PBXFileReference; lastKnownFileType = sourcecode.swift; path = PlaybackControl.swift; sourceTree = "<group>"; };
		04C9736E2D7760380077E5EF /* Thumbnail.swift */ = {isa = PBXFileReference; lastKnownFileType = sourcecode.swift; path = Thumbnail.swift; sourceTree = "<group>"; };
		04C9736F2D7760380077E5EF /* TrackItem.swift */ = {isa = PBXFileReference; lastKnownFileType = sourcecode.swift; path = TrackItem.swift; sourceTree = "<group>"; };
		04C973702D7760380077E5EF /* TrackSkeleton.swift */ = {isa = PBXFileReference; lastKnownFileType = sourcecode.swift; path = TrackSkeleton.swift; sourceTree = "<group>"; };
		04C973722D7760380077E5EF /* TrackView.swift */ = {isa = PBXFileReference; lastKnownFileType = sourcecode.swift; path = TrackView.swift; sourceTree = "<group>"; };
		04C973742D7760380077E5EF /* TrackViewModel.swift */ = {isa = PBXFileReference; lastKnownFileType = sourcecode.swift; path = TrackViewModel.swift; sourceTree = "<group>"; };
		04C973762D7760380077E5EF /* Assets.xcassets */ = {isa = PBXFileReference; lastKnownFileType = folder.assetcatalog; path = Assets.xcassets; sourceTree = "<group>"; };
		04C973772D7760380077E5EF /* ritmixApp.swift */ = {isa = PBXFileReference; lastKnownFileType = sourcecode.swift; path = ritmixApp.swift; sourceTree = "<group>"; };
		04C973882D77604F0077E5EF /* AudioPlayerServiceTests.swift */ = {isa = PBXFileReference; lastKnownFileType = sourcecode.swift; path = AudioPlayerServiceTests.swift; sourceTree = "<group>"; };
		04C973892D77604F0077E5EF /* HttpServiceTests.swift */ = {isa = PBXFileReference; lastKnownFileType = sourcecode.swift; path = HttpServiceTests.swift; sourceTree = "<group>"; };
		04C9738A2D77604F0077E5EF /* PlaybackServiceTests.swift */ = {isa = PBXFileReference; lastKnownFileType = sourcecode.swift; path = PlaybackServiceTests.swift; sourceTree = "<group>"; };
		04C9738C2D77604F0077E5EF /* TrackViewModelTests.swift */ = {isa = PBXFileReference; lastKnownFileType = sourcecode.swift; path = TrackViewModelTests.swift; sourceTree = "<group>"; };
		04C973932D7760520077E5EF /* ritmixUITests.swift */ = {isa = PBXFileReference; lastKnownFileType = sourcecode.swift; path = ritmixUITests.swift; sourceTree = "<group>"; };
		04C973942D7760520077E5EF /* ritmixUITestsLaunchTests.swift */ = {isa = PBXFileReference; lastKnownFileType = sourcecode.swift; path = ritmixUITestsLaunchTests.swift; sourceTree = "<group>"; };
		04EB28C32D759224005A1907 /* ritmix.app */ = {isa = PBXFileReference; explicitFileType = wrapper.application; includeInIndex = 0; path = ritmix.app; sourceTree = BUILT_PRODUCTS_DIR; };
		04EB28D32D759225005A1907 /* ritmixTests.xctest */ = {isa = PBXFileReference; explicitFileType = wrapper.cfbundle; includeInIndex = 0; path = ritmixTests.xctest; sourceTree = BUILT_PRODUCTS_DIR; };
		04EB28DD2D759225005A1907 /* ritmixUITests.xctest */ = {isa = PBXFileReference; explicitFileType = wrapper.cfbundle; includeInIndex = 0; path = ritmixUITests.xctest; sourceTree = BUILT_PRODUCTS_DIR; };
/* End PBXFileReference section */

/* Begin PBXFrameworksBuildPhase section */
		04EB28C02D759224005A1907 /* Frameworks */ = {
			isa = PBXFrameworksBuildPhase;
			buildActionMask = 2147483647;
			files = (
			);
			runOnlyForDeploymentPostprocessing = 0;
		};
		04EB28D02D759225005A1907 /* Frameworks */ = {
			isa = PBXFrameworksBuildPhase;
			buildActionMask = 2147483647;
			files = (
			);
			runOnlyForDeploymentPostprocessing = 0;
		};
		04EB28DA2D759225005A1907 /* Frameworks */ = {
			isa = PBXFrameworksBuildPhase;
			buildActionMask = 2147483647;
			files = (
			);
			runOnlyForDeploymentPostprocessing = 0;
		};
/* End PBXFrameworksBuildPhase section */

/* Begin PBXGroup section */
		04C973642D7760380077E5EF /* Model */ = {
			isa = PBXGroup;
			children = (
				04C973622D7760380077E5EF /* iTunesResponse.swift */,
				04C973632D7760380077E5EF /* Track.swift */,
			);
			path = Model;
			sourceTree = "<group>";
		};
		04C973662D7760380077E5EF /* Preview Content */ = {
			isa = PBXGroup;
			children = (
				04C973652D7760380077E5EF /* Preview Assets.xcassets */,
			);
			path = "Preview Content";
			sourceTree = "<group>";
		};
		04C9736A2D7760380077E5EF /* Service */ = {
			isa = PBXGroup;
			children = (
				04C973672D7760380077E5EF /* AudioPlayerService.swift */,
				04C973682D7760380077E5EF /* HttpService.swift */,
				04C973692D7760380077E5EF /* PlaybackService.swift */,
			);
			path = Service;
			sourceTree = "<group>";
		};
		04C9736C2D7760380077E5EF /* Utils */ = {
			isa = PBXGroup;
			children = (
				04C9736B2D7760380077E5EF /* TruncateText.swift */,
			);
			path = Utils;
			sourceTree = "<group>";
		};
		04C973712D7760380077E5EF /* Component */ = {
			isa = PBXGroup;
			children = (
				04C9736D2D7760380077E5EF /* PlaybackControl.swift */,
				04C9736E2D7760380077E5EF /* Thumbnail.swift */,
				04C9736F2D7760380077E5EF /* TrackItem.swift */,
				04C973702D7760380077E5EF /* TrackSkeleton.swift */,
			);
			path = Component;
			sourceTree = "<group>";
		};
		04C973732D7760380077E5EF /* View */ = {
			isa = PBXGroup;
			children = (
				04C973712D7760380077E5EF /* Component */,
				04C973722D7760380077E5EF /* TrackView.swift */,
			);
			path = View;
			sourceTree = "<group>";
		};
		04C973752D7760380077E5EF /* ViewModel */ = {
			isa = PBXGroup;
			children = (
				04C973742D7760380077E5EF /* TrackViewModel.swift */,
			);
			path = ViewModel;
			sourceTree = "<group>";
		};
		04C973782D7760380077E5EF /* ritmix */ = {
			isa = PBXGroup;
			children = (
				04C973642D7760380077E5EF /* Model */,
				04C973662D7760380077E5EF /* Preview Content */,
				04C9736A2D7760380077E5EF /* Service */,
				04C9736C2D7760380077E5EF /* Utils */,
				04C973732D7760380077E5EF /* View */,
				04C973752D7760380077E5EF /* ViewModel */,
				04C973762D7760380077E5EF /* Assets.xcassets */,
				04C973772D7760380077E5EF /* ritmixApp.swift */,
			);
			path = ritmix;
			sourceTree = "<group>";
		};
		04C9738D2D77604F0077E5EF /* ritmixTests */ = {
			isa = PBXGroup;
			children = (
				04C973882D77604F0077E5EF /* AudioPlayerServiceTests.swift */,
				04C973892D77604F0077E5EF /* HttpServiceTests.swift */,
				04C9738A2D77604F0077E5EF /* PlaybackServiceTests.swift */,
				04C9738C2D77604F0077E5EF /* TrackViewModelTests.swift */,
			);
			path = ritmixTests;
			sourceTree = "<group>";
		};
		04C973952D7760520077E5EF /* ritmixUITests */ = {
			isa = PBXGroup;
			children = (
				04C973932D7760520077E5EF /* ritmixUITests.swift */,
				04C973942D7760520077E5EF /* ritmixUITestsLaunchTests.swift */,
			);
			path = ritmixUITests;
			sourceTree = "<group>";
		};
		04EB28BA2D759224005A1907 = {
			isa = PBXGroup;
			children = (
				04C972302D772EBE0077E5EF /* ritmixTests.xctestplan */,
				04C973782D7760380077E5EF /* ritmix */,
				04C9738D2D77604F0077E5EF /* ritmixTests */,
				04C973952D7760520077E5EF /* ritmixUITests */,
				04EB28C42D759224005A1907 /* Products */,
			);
			sourceTree = "<group>";
		};
		04EB28C42D759224005A1907 /* Products */ = {
			isa = PBXGroup;
			children = (
				04EB28C32D759224005A1907 /* ritmix.app */,
				04EB28D32D759225005A1907 /* ritmixTests.xctest */,
				04EB28DD2D759225005A1907 /* ritmixUITests.xctest */,
			);
			name = Products;
			sourceTree = "<group>";
		};
/* End PBXGroup section */

/* Begin PBXNativeTarget section */
		04EB28C22D759224005A1907 /* ritmix */ = {
			isa = PBXNativeTarget;
			buildConfigurationList = 04EB28E72D759225005A1907 /* Build configuration list for PBXNativeTarget "ritmix" */;
			buildPhases = (
				04EB28BF2D759224005A1907 /* Sources */,
				04EB28C02D759224005A1907 /* Frameworks */,
				04EB28C12D759224005A1907 /* Resources */,
			);
			buildRules = (
			);
			dependencies = (
			);
			name = ritmix;
			packageProductDependencies = (
			);
			productName = ritmix;
			productReference = 04EB28C32D759224005A1907 /* ritmix.app */;
			productType = "com.apple.product-type.application";
		};
		04EB28D22D759225005A1907 /* ritmixTests */ = {
			isa = PBXNativeTarget;
			buildConfigurationList = 04EB28EA2D759225005A1907 /* Build configuration list for PBXNativeTarget "ritmixTests" */;
			buildPhases = (
				04EB28CF2D759225005A1907 /* Sources */,
				04EB28D02D759225005A1907 /* Frameworks */,
				04EB28D12D759225005A1907 /* Resources */,
			);
			buildRules = (
			);
			dependencies = (
				04EB28D52D759225005A1907 /* PBXTargetDependency */,
			);
			name = ritmixTests;
			packageProductDependencies = (
			);
			productName = ritmixTests;
			productReference = 04EB28D32D759225005A1907 /* ritmixTests.xctest */;
			productType = "com.apple.product-type.bundle.unit-test";
		};
		04EB28DC2D759225005A1907 /* ritmixUITests */ = {
			isa = PBXNativeTarget;
			buildConfigurationList = 04EB28ED2D759225005A1907 /* Build configuration list for PBXNativeTarget "ritmixUITests" */;
			buildPhases = (
				04EB28D92D759225005A1907 /* Sources */,
				04EB28DA2D759225005A1907 /* Frameworks */,
				04EB28DB2D759225005A1907 /* Resources */,
			);
			buildRules = (
			);
			dependencies = (
				04EB28DF2D759225005A1907 /* PBXTargetDependency */,
			);
			name = ritmixUITests;
			packageProductDependencies = (
			);
			productName = ritmixUITests;
			productReference = 04EB28DD2D759225005A1907 /* ritmixUITests.xctest */;
			productType = "com.apple.product-type.bundle.ui-testing";
		};
/* End PBXNativeTarget section */

/* Begin PBXProject section */
		04EB28BB2D759224005A1907 /* Project object */ = {
			isa = PBXProject;
			attributes = {
				BuildIndependentTargetsInParallel = 1;
				LastSwiftUpdateCheck = 1620;
				LastUpgradeCheck = 1620;
				TargetAttributes = {
					04EB28C22D759224005A1907 = {
						CreatedOnToolsVersion = 16.2;
					};
					04EB28D22D759225005A1907 = {
						CreatedOnToolsVersion = 16.2;
						TestTargetID = 04EB28C22D759224005A1907;
					};
					04EB28DC2D759225005A1907 = {
						CreatedOnToolsVersion = 16.2;
						TestTargetID = 04EB28C22D759224005A1907;
					};
				};
			};
			buildConfigurationList = 04EB28BE2D759224005A1907 /* Build configuration list for PBXProject "ritmix" */;
			developmentRegion = en;
			hasScannedForEncodings = 0;
			knownRegions = (
				en,
				Base,
			);
			mainGroup = 04EB28BA2D759224005A1907;
			minimizedProjectReferenceProxies = 1;
			preferredProjectObjectVersion = 77;
			productRefGroup = 04EB28C42D759224005A1907 /* Products */;
			projectDirPath = "";
			projectRoot = "";
			targets = (
				04EB28C22D759224005A1907 /* ritmix */,
				04EB28D22D759225005A1907 /* ritmixTests */,
				04EB28DC2D759225005A1907 /* ritmixUITests */,
			);
		};
/* End PBXProject section */

/* Begin PBXResourcesBuildPhase section */
		04EB28C12D759224005A1907 /* Resources */ = {
			isa = PBXResourcesBuildPhase;
			buildActionMask = 2147483647;
			files = (
				04C973792D7760380077E5EF /* Preview Assets.xcassets in Resources */,
				04C9737A2D7760380077E5EF /* Assets.xcassets in Resources */,
			);
			runOnlyForDeploymentPostprocessing = 0;
		};
		04EB28D12D759225005A1907 /* Resources */ = {
			isa = PBXResourcesBuildPhase;
			buildActionMask = 2147483647;
			files = (
			);
			runOnlyForDeploymentPostprocessing = 0;
		};
		04EB28DB2D759225005A1907 /* Resources */ = {
			isa = PBXResourcesBuildPhase;
			buildActionMask = 2147483647;
			files = (
			);
			runOnlyForDeploymentPostprocessing = 0;
		};
/* End PBXResourcesBuildPhase section */

/* Begin PBXSourcesBuildPhase section */
		04EB28BF2D759224005A1907 /* Sources */ = {
			isa = PBXSourcesBuildPhase;
			buildActionMask = 2147483647;
			files = (
				04C9737B2D7760380077E5EF /* iTunesResponse.swift in Sources */,
				04C9737C2D7760380077E5EF /* Track.swift in Sources */,
				04C9737D2D7760380077E5EF /* AudioPlayerService.swift in Sources */,
				04C9737E2D7760380077E5EF /* HttpService.swift in Sources */,
				04C9737F2D7760380077E5EF /* PlaybackService.swift in Sources */,
				04C973802D7760380077E5EF /* TruncateText.swift in Sources */,
				04C973812D7760380077E5EF /* PlaybackControl.swift in Sources */,
				04C973822D7760380077E5EF /* Thumbnail.swift in Sources */,
				04C973832D7760380077E5EF /* TrackItem.swift in Sources */,
				04C973842D7760380077E5EF /* TrackSkeleton.swift in Sources */,
				04C973852D7760380077E5EF /* TrackView.swift in Sources */,
				04C973862D7760380077E5EF /* TrackViewModel.swift in Sources */,
				04C973872D7760380077E5EF /* ritmixApp.swift in Sources */,
			);
			runOnlyForDeploymentPostprocessing = 0;
		};
		04EB28CF2D759225005A1907 /* Sources */ = {
			isa = PBXSourcesBuildPhase;
			buildActionMask = 2147483647;
			files = (
				04C9738E2D77604F0077E5EF /* AudioPlayerServiceTests.swift in Sources */,
				04C9738F2D77604F0077E5EF /* HttpServiceTests.swift in Sources */,
				04C973902D77604F0077E5EF /* PlaybackServiceTests.swift in Sources */,
				04C973922D77604F0077E5EF /* TrackViewModelTests.swift in Sources */,
			);
			runOnlyForDeploymentPostprocessing = 0;
		};
		04EB28D92D759225005A1907 /* Sources */ = {
			isa = PBXSourcesBuildPhase;
			buildActionMask = 2147483647;
			files = (
				04C973962D7760520077E5EF /* ritmixUITests.swift in Sources */,
				04C973972D7760520077E5EF /* ritmixUITestsLaunchTests.swift in Sources */,
			);
			runOnlyForDeploymentPostprocessing = 0;
		};
/* End PBXSourcesBuildPhase section */

/* Begin PBXTargetDependency section */
		04EB28D52D759225005A1907 /* PBXTargetDependency */ = {
			isa = PBXTargetDependency;
			target = 04EB28C22D759224005A1907 /* ritmix */;
			targetProxy = 04EB28D42D759225005A1907 /* PBXContainerItemProxy */;
		};
		04EB28DF2D759225005A1907 /* PBXTargetDependency */ = {
			isa = PBXTargetDependency;
			target = 04EB28C22D759224005A1907 /* ritmix */;
			targetProxy = 04EB28DE2D759225005A1907 /* PBXContainerItemProxy */;
		};
/* End PBXTargetDependency section */

/* Begin XCBuildConfiguration section */
		04EB28E52D759225005A1907 /* Debug */ = {
			isa = XCBuildConfiguration;
			buildSettings = {
				ALWAYS_SEARCH_USER_PATHS = NO;
				ASSETCATALOG_COMPILER_GENERATE_SWIFT_ASSET_SYMBOL_EXTENSIONS = YES;
				CLANG_ANALYZER_NONNULL = YES;
				CLANG_ANALYZER_NUMBER_OBJECT_CONVERSION = YES_AGGRESSIVE;
				CLANG_CXX_LANGUAGE_STANDARD = "gnu++20";
				CLANG_ENABLE_MODULES = YES;
				CLANG_ENABLE_OBJC_ARC = YES;
				CLANG_ENABLE_OBJC_WEAK = YES;
				CLANG_WARN_BLOCK_CAPTURE_AUTORELEASING = YES;
				CLANG_WARN_BOOL_CONVERSION = YES;
				CLANG_WARN_COMMA = YES;
				CLANG_WARN_CONSTANT_CONVERSION = YES;
				CLANG_WARN_DEPRECATED_OBJC_IMPLEMENTATIONS = YES;
				CLANG_WARN_DIRECT_OBJC_ISA_USAGE = YES_ERROR;
				CLANG_WARN_DOCUMENTATION_COMMENTS = YES;
				CLANG_WARN_EMPTY_BODY = YES;
				CLANG_WARN_ENUM_CONVERSION = YES;
				CLANG_WARN_INFINITE_RECURSION = YES;
				CLANG_WARN_INT_CONVERSION = YES;
				CLANG_WARN_NON_LITERAL_NULL_CONVERSION = YES;
				CLANG_WARN_OBJC_IMPLICIT_RETAIN_SELF = YES;
				CLANG_WARN_OBJC_LITERAL_CONVERSION = YES;
				CLANG_WARN_OBJC_ROOT_CLASS = YES_ERROR;
				CLANG_WARN_QUOTED_INCLUDE_IN_FRAMEWORK_HEADER = YES;
				CLANG_WARN_RANGE_LOOP_ANALYSIS = YES;
				CLANG_WARN_STRICT_PROTOTYPES = YES;
				CLANG_WARN_SUSPICIOUS_MOVE = YES;
				CLANG_WARN_UNGUARDED_AVAILABILITY = YES_AGGRESSIVE;
				CLANG_WARN_UNREACHABLE_CODE = YES;
				CLANG_WARN__DUPLICATE_METHOD_MATCH = YES;
				COPY_PHASE_STRIP = NO;
				DEBUG_INFORMATION_FORMAT = dwarf;
				ENABLE_STRICT_OBJC_MSGSEND = YES;
				ENABLE_TESTABILITY = YES;
				ENABLE_USER_SCRIPT_SANDBOXING = YES;
				GCC_C_LANGUAGE_STANDARD = gnu17;
				GCC_DYNAMIC_NO_PIC = NO;
				GCC_NO_COMMON_BLOCKS = YES;
				GCC_OPTIMIZATION_LEVEL = 0;
				GCC_PREPROCESSOR_DEFINITIONS = (
					"DEBUG=1",
					"$(inherited)",
				);
				GCC_WARN_64_TO_32_BIT_CONVERSION = YES;
				GCC_WARN_ABOUT_RETURN_TYPE = YES_ERROR;
				GCC_WARN_UNDECLARED_SELECTOR = YES;
				GCC_WARN_UNINITIALIZED_AUTOS = YES_AGGRESSIVE;
				GCC_WARN_UNUSED_FUNCTION = YES;
				GCC_WARN_UNUSED_VARIABLE = YES;
				IPHONEOS_DEPLOYMENT_TARGET = 17.0;
				LOCALIZATION_PREFERS_STRING_CATALOGS = YES;
				MTL_ENABLE_DEBUG_INFO = INCLUDE_SOURCE;
				MTL_FAST_MATH = YES;
				ONLY_ACTIVE_ARCH = YES;
				SDKROOT = iphoneos;
				SWIFT_ACTIVE_COMPILATION_CONDITIONS = "DEBUG $(inherited)";
				SWIFT_OPTIMIZATION_LEVEL = "-Onone";
			};
			name = Debug;
		};
		04EB28E62D759225005A1907 /* Release */ = {
			isa = XCBuildConfiguration;
			buildSettings = {
				ALWAYS_SEARCH_USER_PATHS = NO;
				ASSETCATALOG_COMPILER_GENERATE_SWIFT_ASSET_SYMBOL_EXTENSIONS = YES;
				CLANG_ANALYZER_NONNULL = YES;
				CLANG_ANALYZER_NUMBER_OBJECT_CONVERSION = YES_AGGRESSIVE;
				CLANG_CXX_LANGUAGE_STANDARD = "gnu++20";
				CLANG_ENABLE_MODULES = YES;
				CLANG_ENABLE_OBJC_ARC = YES;
				CLANG_ENABLE_OBJC_WEAK = YES;
				CLANG_WARN_BLOCK_CAPTURE_AUTORELEASING = YES;
				CLANG_WARN_BOOL_CONVERSION = YES;
				CLANG_WARN_COMMA = YES;
				CLANG_WARN_CONSTANT_CONVERSION = YES;
				CLANG_WARN_DEPRECATED_OBJC_IMPLEMENTATIONS = YES;
				CLANG_WARN_DIRECT_OBJC_ISA_USAGE = YES_ERROR;
				CLANG_WARN_DOCUMENTATION_COMMENTS = YES;
				CLANG_WARN_EMPTY_BODY = YES;
				CLANG_WARN_ENUM_CONVERSION = YES;
				CLANG_WARN_INFINITE_RECURSION = YES;
				CLANG_WARN_INT_CONVERSION = YES;
				CLANG_WARN_NON_LITERAL_NULL_CONVERSION = YES;
				CLANG_WARN_OBJC_IMPLICIT_RETAIN_SELF = YES;
				CLANG_WARN_OBJC_LITERAL_CONVERSION = YES;
				CLANG_WARN_OBJC_ROOT_CLASS = YES_ERROR;
				CLANG_WARN_QUOTED_INCLUDE_IN_FRAMEWORK_HEADER = YES;
				CLANG_WARN_RANGE_LOOP_ANALYSIS = YES;
				CLANG_WARN_STRICT_PROTOTYPES = YES;
				CLANG_WARN_SUSPICIOUS_MOVE = YES;
				CLANG_WARN_UNGUARDED_AVAILABILITY = YES_AGGRESSIVE;
				CLANG_WARN_UNREACHABLE_CODE = YES;
				CLANG_WARN__DUPLICATE_METHOD_MATCH = YES;
				COPY_PHASE_STRIP = NO;
				DEBUG_INFORMATION_FORMAT = "dwarf-with-dsym";
				ENABLE_NS_ASSERTIONS = NO;
				ENABLE_STRICT_OBJC_MSGSEND = YES;
				ENABLE_USER_SCRIPT_SANDBOXING = YES;
				GCC_C_LANGUAGE_STANDARD = gnu17;
				GCC_NO_COMMON_BLOCKS = YES;
				GCC_WARN_64_TO_32_BIT_CONVERSION = YES;
				GCC_WARN_ABOUT_RETURN_TYPE = YES_ERROR;
				GCC_WARN_UNDECLARED_SELECTOR = YES;
				GCC_WARN_UNINITIALIZED_AUTOS = YES_AGGRESSIVE;
				GCC_WARN_UNUSED_FUNCTION = YES;
				GCC_WARN_UNUSED_VARIABLE = YES;
				IPHONEOS_DEPLOYMENT_TARGET = 17.0;
				LOCALIZATION_PREFERS_STRING_CATALOGS = YES;
				MTL_ENABLE_DEBUG_INFO = NO;
				MTL_FAST_MATH = YES;
				SDKROOT = iphoneos;
				SWIFT_COMPILATION_MODE = wholemodule;
				VALIDATE_PRODUCT = YES;
			};
			name = Release;
		};
		04EB28E82D759225005A1907 /* Debug */ = {
			isa = XCBuildConfiguration;
			buildSettings = {
				ASSETCATALOG_COMPILER_APPICON_NAME = AppIcon;
				ASSETCATALOG_COMPILER_GLOBAL_ACCENT_COLOR_NAME = AccentColor;
				ASSETCATALOG_COMPILER_INCLUDE_ALL_APPICON_ASSETS = NO;
				CODE_SIGN_IDENTITY = "Apple Development";
				"CODE_SIGN_IDENTITY[sdk=iphoneos*]" = "iPhone Developer";
				CODE_SIGN_STYLE = Manual;
				CURRENT_PROJECT_VERSION = 11;
				DEVELOPMENT_ASSET_PATHS = "\"ritmix/Preview Content\"";
				DEVELOPMENT_TEAM = "";
				"DEVELOPMENT_TEAM[sdk=iphoneos*]" = S9J78CS67W;
				ENABLE_PREVIEWS = YES;
				GENERATE_INFOPLIST_FILE = YES;
				INFOPLIST_KEY_LSApplicationCategoryType = "public.app-category.music";
				INFOPLIST_KEY_UIApplicationSceneManifest_Generation = YES;
				INFOPLIST_KEY_UIApplicationSupportsIndirectInputEvents = YES;
				INFOPLIST_KEY_UILaunchScreen_Generation = YES;
				INFOPLIST_KEY_UIRequiresFullScreen = NO;
				INFOPLIST_KEY_UIStatusBarHidden = NO;
				INFOPLIST_KEY_UIStatusBarStyle = "";
				INFOPLIST_KEY_UISupportedInterfaceOrientations = "UIInterfaceOrientationLandscapeLeft UIInterfaceOrientationLandscapeRight UIInterfaceOrientationPortrait";
				IPHONEOS_DEPLOYMENT_TARGET = 18.0;
				LD_RUNPATH_SEARCH_PATHS = (
					"$(inherited)",
					"@executable_path/Frameworks",
				);
				MARKETING_VERSION = 1.0;
				PRODUCT_BUNDLE_IDENTIFIER = com.ritmix;
				PRODUCT_NAME = "$(TARGET_NAME)";
				PROVISIONING_PROFILE_SPECIFIER = "";
				"PROVISIONING_PROFILE_SPECIFIER[sdk=iphoneos*]" = "Personal Profile";
				SWIFT_EMIT_LOC_STRINGS = YES;
				SWIFT_VERSION = 5.0;
				TARGETED_DEVICE_FAMILY = 1;
			};
			name = Debug;
		};
		04EB28E92D759225005A1907 /* Release */ = {
			isa = XCBuildConfiguration;
			buildSettings = {
				ASSETCATALOG_COMPILER_APPICON_NAME = AppIcon;
				ASSETCATALOG_COMPILER_GLOBAL_ACCENT_COLOR_NAME = AccentColor;
				ASSETCATALOG_COMPILER_INCLUDE_ALL_APPICON_ASSETS = NO;
				CODE_SIGN_IDENTITY = "Apple Development";
				"CODE_SIGN_IDENTITY[sdk=iphoneos*]" = "iPhone Distribution";
				CODE_SIGN_STYLE = Manual;
				CURRENT_PROJECT_VERSION = 11;
				DEVELOPMENT_ASSET_PATHS = "\"ritmix/Preview Content\"";
				DEVELOPMENT_TEAM = "";
				"DEVELOPMENT_TEAM[sdk=iphoneos*]" = S9J78CS67W;
				ENABLE_PREVIEWS = YES;
				GENERATE_INFOPLIST_FILE = YES;
				INFOPLIST_KEY_LSApplicationCategoryType = "public.app-category.music";
				INFOPLIST_KEY_UIApplicationSceneManifest_Generation = YES;
				INFOPLIST_KEY_UIApplicationSupportsIndirectInputEvents = YES;
				INFOPLIST_KEY_UILaunchScreen_Generation = YES;
				INFOPLIST_KEY_UIRequiresFullScreen = NO;
				INFOPLIST_KEY_UIStatusBarHidden = NO;
				INFOPLIST_KEY_UIStatusBarStyle = "";
				INFOPLIST_KEY_UISupportedInterfaceOrientations = "UIInterfaceOrientationLandscapeLeft UIInterfaceOrientationLandscapeRight UIInterfaceOrientationPortrait";
				IPHONEOS_DEPLOYMENT_TARGET = 18.0;
				LD_RUNPATH_SEARCH_PATHS = (
					"$(inherited)",
					"@executable_path/Frameworks",
				);
				MARKETING_VERSION = 1.0;
				PRODUCT_BUNDLE_IDENTIFIER = com.ritmix;
				PRODUCT_NAME = "$(TARGET_NAME)";
				PROVISIONING_PROFILE_SPECIFIER = "";
				"PROVISIONING_PROFILE_SPECIFIER[sdk=iphoneos*]" = RitmixAdHoc;
				SWIFT_EMIT_LOC_STRINGS = YES;
				SWIFT_VERSION = 5.0;
				TARGETED_DEVICE_FAMILY = 1;
			};
			name = Release;
		};
		04EB28EB2D759225005A1907 /* Debug */ = {
			isa = XCBuildConfiguration;
			buildSettings = {
				BUNDLE_LOADER = "$(TEST_HOST)";
				CODE_SIGN_STYLE = Automatic;
				CURRENT_PROJECT_VERSION = 2;
				DEVELOPMENT_TEAM = S9J78CS67W;
				GENERATE_INFOPLIST_FILE = YES;
				IPHONEOS_DEPLOYMENT_TARGET = 17.0;
				MARKETING_VERSION = 1.0;
				PRODUCT_BUNDLE_IDENTIFIER = com.ritmixTests;
				PRODUCT_NAME = "$(TARGET_NAME)";
				SWIFT_EMIT_LOC_STRINGS = NO;
				SWIFT_VERSION = 5.0;
				TARGETED_DEVICE_FAMILY = "1,2";
				TEST_HOST = "$(BUILT_PRODUCTS_DIR)/ritmix.app/$(BUNDLE_EXECUTABLE_FOLDER_PATH)/ritmix";
			};
			name = Debug;
		};
		04EB28EC2D759225005A1907 /* Release */ = {
			isa = XCBuildConfiguration;
			buildSettings = {
				BUNDLE_LOADER = "$(TEST_HOST)";
				CODE_SIGN_STYLE = Automatic;
				CURRENT_PROJECT_VERSION = 2;
				DEVELOPMENT_TEAM = S9J78CS67W;
				GENERATE_INFOPLIST_FILE = YES;
				IPHONEOS_DEPLOYMENT_TARGET = 17.0;
				MARKETING_VERSION = 1.0;
				PRODUCT_BUNDLE_IDENTIFIER = com.ritmixTests;
				PRODUCT_NAME = "$(TARGET_NAME)";
				SWIFT_EMIT_LOC_STRINGS = NO;
				SWIFT_VERSION = 5.0;
				TARGETED_DEVICE_FAMILY = "1,2";
				TEST_HOST = "$(BUILT_PRODUCTS_DIR)/ritmix.app/$(BUNDLE_EXECUTABLE_FOLDER_PATH)/ritmix";
			};
			name = Release;
		};
		04EB28EE2D759225005A1907 /* Debug */ = {
			isa = XCBuildConfiguration;
			buildSettings = {
				CODE_SIGN_STYLE = Automatic;
				CURRENT_PROJECT_VERSION = 2;
				DEVELOPMENT_TEAM = S9J78CS67W;
				GENERATE_INFOPLIST_FILE = YES;
				MARKETING_VERSION = 1.0;
				PRODUCT_BUNDLE_IDENTIFIER = com.ritmixUITests;
				PRODUCT_NAME = "$(TARGET_NAME)";
				SWIFT_EMIT_LOC_STRINGS = NO;
				SWIFT_VERSION = 5.0;
				TARGETED_DEVICE_FAMILY = "1,2";
				TEST_TARGET_NAME = ritmix;
			};
			name = Debug;
		};
		04EB28EF2D759225005A1907 /* Release */ = {
			isa = XCBuildConfiguration;
			buildSettings = {
				CODE_SIGN_STYLE = Automatic;
				CURRENT_PROJECT_VERSION = 2;
				DEVELOPMENT_TEAM = S9J78CS67W;
				GENERATE_INFOPLIST_FILE = YES;
				MARKETING_VERSION = 1.0;
				PRODUCT_BUNDLE_IDENTIFIER = com.ritmixUITests;
				PRODUCT_NAME = "$(TARGET_NAME)";
				SWIFT_EMIT_LOC_STRINGS = NO;
				SWIFT_VERSION = 5.0;
				TARGETED_DEVICE_FAMILY = "1,2";
				TEST_TARGET_NAME = ritmix;
			};
			name = Release;
		};
/* End XCBuildConfiguration section */

/* Begin XCConfigurationList section */
		04EB28BE2D759224005A1907 /* Build configuration list for PBXProject "ritmix" */ = {
			isa = XCConfigurationList;
			buildConfigurations = (
				04EB28E52D759225005A1907 /* Debug */,
				04EB28E62D759225005A1907 /* Release */,
			);
			defaultConfigurationIsVisible = 0;
			defaultConfigurationName = Release;
		};
		04EB28E72D759225005A1907 /* Build configuration list for PBXNativeTarget "ritmix" */ = {
			isa = XCConfigurationList;
			buildConfigurations = (
				04EB28E82D759225005A1907 /* Debug */,
				04EB28E92D759225005A1907 /* Release */,
			);
			defaultConfigurationIsVisible = 0;
			defaultConfigurationName = Release;
		};
		04EB28EA2D759225005A1907 /* Build configuration list for PBXNativeTarget "ritmixTests" */ = {
			isa = XCConfigurationList;
			buildConfigurations = (
				04EB28EB2D759225005A1907 /* Debug */,
				04EB28EC2D759225005A1907 /* Release */,
			);
			defaultConfigurationIsVisible = 0;
			defaultConfigurationName = Release;
		};
		04EB28ED2D759225005A1907 /* Build configuration list for PBXNativeTarget "ritmixUITests" */ = {
			isa = XCConfigurationList;
			buildConfigurations = (
				04EB28EE2D759225005A1907 /* Debug */,
				04EB28EF2D759225005A1907 /* Release */,
			);
			defaultConfigurationIsVisible = 0;
			defaultConfigurationName = Release;
		};
/* End XCConfigurationList section */
	};
	rootObject = 04EB28BB2D759224005A1907 /* Project object */;
}
